
Microsoft Visual Studio Solution File, Format Version 12.00
# Visual Studio 15
VisualStudioVersion = 15.0.28010.2036
MinimumVisualStudioVersion = 10.0.40219.1
Project("{FAE04EC0-301F-11D3-BF4B-00C04F79EFBC}") = "SolidPrinciples", "SolidPrinciples\SolidPrinciples.csproj", "{4CD3DEBC-6A5A-4D1B-A7BF-3AFF36941ABA}"
EndProject
Global
	GlobalSection(SolutionConfigurationPlatforms) = preSolution
		Debug|Any CPU = Debug|Any CPU
		Release|Any CPU = Release|Any CPU
	EndGlobalSection
	GlobalSection(ProjectConfigurationPlatforms) = postSolution
		{4CD3DEBC-6A5A-4D1B-A7BF-3AFF36941ABA}.Debug|Any CPU.ActiveCfg = Debug|Any CPU
		{4CD3DEBC-6A5A-4D1B-A7BF-3AFF36941ABA}.Debug|Any CPU.Build.0 = Debug|Any CPU
		{4CD3DEBC-6A5A-4D1B-A7BF-3AFF36941ABA}.Release|Any CPU.ActiveCfg = Release|Any CPU
		{4CD3DEBC-6A5A-4D1B-A7BF-3AFF36941ABA}.Release|Any CPU.Build.0 = Release|Any CPU
	EndGlobalSection
	GlobalSection(SolutionProperties) = preSolution
		HideSolutionNode = FALSE
	EndGlobalSection
	GlobalSection(ExtensibilityGlobals) = postSolution
		SolutionGuid = {36ABD3D6-9E55-4231-A517-DB479519B418}
	EndGlobalSection
EndGlobal
